{
  "version": 4,
  "terraform_version": "1.3.2",
  "serial": 15,
  "lineage": "ccff3844-c6d2-8e45-adad-d4e4bb45e442",
  "outputs": {},
  "resources": [
    {
      "module": "module.docker_install",
      "mode": "managed",
      "type": "null_resource",
      "name": "ssh_target",
      "provider": "provider[\"registry.terraform.io/hashicorp/null\"]",
      "instances": [
        {
          "schema_version": 0,
          "attributes": {
            "id": "5653949854794109801",
            "triggers": null
          },
          "sensitive_attributes": [],
          "private": "bnVsbA=="
        }
      ]
    },
    {
      "module": "module.docker_wordpress",
      "mode": "managed",
      "type": "docker_container",
      "name": "db",
      "provider": "module.docker_wordpress.provider[\"registry.terraform.io/kreuzwerker/docker\"]",
      "instances": [
        {
          "schema_version": 2,
          "attributes": {
            "attach": false,
            "bridge": "",
            "capabilities": [],
            "command": [
              "mysqld"
            ],
            "container_logs": null,
            "container_read_refresh_timeout_milliseconds": 15000,
            "cpu_set": "",
            "cpu_shares": 0,
            "destroy_grace_seconds": null,
            "devices": [],
            "dns": null,
            "dns_opts": null,
            "dns_search": null,
            "domainname": "",
            "entrypoint": [
              "docker-entrypoint.sh"
            ],
            "env": [
              "MYSQL_DATABASE=wordpress",
              "MYSQL_PASSWORD=wordpress",
              "MYSQL_ROOT_PASSWORD=wordpress",
              "MYSQL_USER=wordpress"
            ],
            "exit_code": null,
            "gateway": "172.18.0.1",
            "gpus": null,
            "group_add": null,
            "healthcheck": null,
            "host": [],
            "hostname": "d89db638c928",
            "id": "d89db638c928be8ce4e66cd6cd78bc4f52430ab05c5c68d7ec8af472b1904b36",
            "image": "sha256:14905234a4ed471d6da5b7e09d9e9f62f4d350713e2b0e8c86652ebcbf710238",
            "init": false,
            "ip_address": "172.18.0.3",
            "ip_prefix_length": 16,
            "ipc_mode": "shareable",
            "labels": [],
            "links": null,
            "log_driver": "json-file",
            "log_opts": null,
            "logs": false,
            "max_retry_count": 0,
            "memory": 0,
            "memory_swap": 0,
            "mounts": [],
            "must_run": true,
            "name": "db",
            "network_alias": null,
            "network_data": [
              {
                "gateway": "172.18.0.1",
                "global_ipv6_address": "",
                "global_ipv6_prefix_length": 0,
                "ip_address": "172.18.0.3",
                "ip_prefix_length": 16,
                "ipv6_gateway": "",
                "network_name": "wordpress_net"
              }
            ],
            "network_mode": "wordpress_net",
            "networks": null,
            "networks_advanced": [
              {
                "aliases": [],
                "ipv4_address": "",
                "ipv6_address": "",
                "name": "wordpress_net"
              }
            ],
            "pid_mode": "",
            "ports": [],
            "privileged": false,
            "publish_all_ports": false,
            "read_only": false,
            "remove_volumes": true,
            "restart": "always",
            "rm": false,
            "runtime": "runc",
            "security_opts": [],
            "shm_size": 64,
            "start": true,
            "stdin_open": false,
            "stop_signal": "",
            "stop_timeout": 0,
            "storage_opts": null,
            "sysctls": null,
            "tmpfs": null,
            "tty": false,
            "ulimit": [],
            "upload": [],
            "user": "",
            "userns_mode": "",
            "volumes": [
              {
                "container_path": "/var/lib/mysql/",
                "from_container": "",
                "host_path": "/srv/wordpress/",
                "read_only": null,
                "volume_name": "db_data"
              }
            ],
            "working_dir": ""
          },
          "sensitive_attributes": [],
          "private": "eyJzY2hlbWFfdmVyc2lvbiI6IjIifQ==",
          "dependencies": [
            "module.docker_wordpress.docker_network.wordpress"
          ]
        }
      ]
    },
    {
      "module": "module.docker_wordpress",
      "mode": "managed",
      "type": "docker_container",
      "name": "wordpress",
      "provider": "module.docker_wordpress.provider[\"registry.terraform.io/kreuzwerker/docker\"]",
      "instances": [
        {
          "schema_version": 2,
          "attributes": {
            "attach": false,
            "bridge": "",
            "capabilities": [],
            "command": [
              "apache2-foreground"
            ],
            "container_logs": null,
            "container_read_refresh_timeout_milliseconds": 15000,
            "cpu_set": "",
            "cpu_shares": 0,
            "destroy_grace_seconds": null,
            "devices": [],
            "dns": null,
            "dns_opts": null,
            "dns_search": null,
            "domainname": "",
            "entrypoint": [
              "docker-entrypoint.sh"
            ],
            "env": [
              "WORDPRESS_DB_HOST=db:3306",
              "WORDPRESS_DB_PASSWORD=wordpress"
            ],
            "exit_code": null,
            "gateway": "172.18.0.1",
            "gpus": null,
            "group_add": null,
            "healthcheck": null,
            "host": [],
            "hostname": "4560686c8ef9",
            "id": "4560686c8ef9dee5bcced66a91a3fc759e36667464fb7435a985f84853c61e45",
            "image": "sha256:5f9d748595e18c205aa084f0f808d6db03af7cf3a4448e9822bce89b18a65baa",
            "init": false,
            "ip_address": "172.18.0.2",
            "ip_prefix_length": 16,
            "ipc_mode": "shareable",
            "labels": [],
            "links": null,
            "log_driver": "json-file",
            "log_opts": null,
            "logs": false,
            "max_retry_count": 0,
            "memory": 0,
            "memory_swap": 0,
            "mounts": [],
            "must_run": true,
            "name": "wordpress",
            "network_alias": null,
            "network_data": [
              {
                "gateway": "172.18.0.1",
                "global_ipv6_address": "",
                "global_ipv6_prefix_length": 0,
                "ip_address": "172.18.0.2",
                "ip_prefix_length": 16,
                "ipv6_gateway": "",
                "network_name": "wordpress_net"
              }
            ],
            "network_mode": "default",
            "networks": null,
            "networks_advanced": [
              {
                "aliases": [],
                "ipv4_address": "",
                "ipv6_address": "",
                "name": "wordpress_net"
              }
            ],
            "pid_mode": "",
            "ports": [
              {
                "external": 8080,
                "internal": 80,
                "ip": "0.0.0.0",
                "protocol": "tcp"
              }
            ],
            "privileged": false,
            "publish_all_ports": false,
            "read_only": false,
            "remove_volumes": true,
            "restart": "always",
            "rm": false,
            "runtime": "runc",
            "security_opts": [],
            "shm_size": 64,
            "start": true,
            "stdin_open": false,
            "stop_signal": "SIGWINCH",
            "stop_timeout": 0,
            "storage_opts": null,
            "sysctls": null,
            "tmpfs": null,
            "tty": false,
            "ulimit": [],
            "upload": [],
            "user": "",
            "userns_mode": "",
            "volumes": [],
            "working_dir": "/var/www/html"
          },
          "sensitive_attributes": [],
          "private": "eyJzY2hlbWFfdmVyc2lvbiI6IjIifQ==",
          "dependencies": [
            "module.docker_wordpress.docker_network.wordpress"
          ]
        }
      ]
    },
    {
      "module": "module.docker_wordpress",
      "mode": "managed",
      "type": "docker_network",
      "name": "wordpress",
      "provider": "module.docker_wordpress.provider[\"registry.terraform.io/kreuzwerker/docker\"]",
      "instances": [
        {
          "schema_version": 1,
          "attributes": {
            "attachable": false,
            "check_duplicate": null,
            "driver": "bridge",
            "id": "7062e0209ecaae054006d4518e9f59b4b10be91e5a477745d4ca8fb61fe08577",
            "ingress": false,
            "internal": false,
            "ipam_config": [
              {
                "aux_address": {},
                "gateway": "172.18.0.1",
                "ip_range": "",
                "subnet": "172.18.0.0/16"
              }
            ],
            "ipam_driver": "default",
            "ipv6": false,
            "labels": [],
            "name": "wordpress_net",
            "options": {},
            "scope": "local"
          },
          "sensitive_attributes": [],
          "private": "eyJzY2hlbWFfdmVyc2lvbiI6IjEifQ=="
        }
      ]
    },
    {
      "module": "module.docker_wordpress",
      "mode": "managed",
      "type": "docker_volume",
      "name": "db_data",
      "provider": "module.docker_wordpress.provider[\"registry.terraform.io/kreuzwerker/docker\"]",
      "instances": [
        {
          "schema_version": 1,
          "attributes": {
            "driver": "local",
            "driver_opts": {
              "device": "/srv/wordpress/",
              "o": "bind",
              "type": "none"
            },
            "id": "db_data",
            "labels": [],
            "mountpoint": "/var/lib/docker/volumes/db_data/_data",
            "name": "db_data"
          },
          "sensitive_attributes": [],
          "private": "eyJzY2hlbWFfdmVyc2lvbiI6IjEifQ==",
          "dependencies": [
            "module.docker_wordpress.null_resource.ssh_target"
          ]
        }
      ]
    },
    {
      "module": "module.docker_wordpress",
      "mode": "managed",
      "type": "null_resource",
      "name": "ssh_target",
      "provider": "provider[\"registry.terraform.io/hashicorp/null\"]",
      "instances": [
        {
          "schema_version": 0,
          "attributes": {
            "id": "7426855782902926501",
            "triggers": null
          },
          "sensitive_attributes": [],
          "private": "bnVsbA=="
        }
      ]
    }
  ],
  "check_results": []
}
